
Microsoft Visual Studio Solution File, Format Version 12.00
# Visual Studio Version 16
VisualStudioVersion = 16.0.31702.278
MinimumVisualStudioVersion = 10.0.40219.1
Project("{FAE04EC0-301F-11D3-BF4B-00C04F79EFBC}") = "SiliconAgeLibrary", "SiliconAgeLibrary\SiliconAgeLibrary.csproj", "{92D45681-6B5A-4519-B070-B87ECF0CDAB9}"
EndProject
Global
	GlobalSection(SolutionConfigurationPlatforms) = preSolution
		Debug|Any CPU = Debug|Any CPU
		Release|Any CPU = Release|Any CPU
	EndGlobalSection
	GlobalSection(ProjectConfigurationPlatforms) = postSolution
		{92D45681-6B5A-4519-B070-B87ECF0CDAB9}.Debug|Any CPU.ActiveCfg = Debug|Any CPU
		{92D45681-6B5A-4519-B070-B87ECF0CDAB9}.Debug|Any CPU.Build.0 = Debug|Any CPU
		{92D45681-6B5A-4519-B070-B87ECF0CDAB9}.Release|Any CPU.ActiveCfg = Release|Any CPU
		{92D45681-6B5A-4519-B070-B87ECF0CDAB9}.Release|Any CPU.Build.0 = Release|Any CPU
	EndGlobalSection
	GlobalSection(SolutionProperties) = preSolution
		HideSolutionNode = FALSE
	EndGlobalSection
	GlobalSection(ExtensibilityGlobals) = postSolution
		SolutionGuid = {854BFB02-4B40-4297-8EE0-71C7A581917A}
	EndGlobalSection
EndGlobal
